// !$*UTF8*$!
{
	archiveVersion = 1;
	classes = {
	};
	objectVersion = 56;
	objects = {

/* Begin PBXBuildFile section */
		84BEBA5B29E9FF130025C6F8 /* AppDelegate.swift in Sources */ = {isa = PBXBuildFile; fileRef = 84BEBA5A29E9FF130025C6F8 /* AppDelegate.swift */; };
		84BEBA5D29E9FF130025C6F8 /* SceneDelegate.swift in Sources */ = {isa = PBXBuildFile; fileRef = 84BEBA5C29E9FF130025C6F8 /* SceneDelegate.swift */; };
		84BEBA5F29E9FF130025C6F8 /* ViewController.swift in Sources */ = {isa = PBXBuildFile; fileRef = 84BEBA5E29E9FF130025C6F8 /* ViewController.swift */; };
		84BEBA6229E9FF130025C6F8 /* Main.storyboard in Resources */ = {isa = PBXBuildFile; fileRef = 84BEBA6029E9FF130025C6F8 /* Main.storyboard */; };
		84BEBA6429E9FF140025C6F8 /* Assets.xcassets in Resources */ = {isa = PBXBuildFile; fileRef = 84BEBA6329E9FF140025C6F8 /* Assets.xcassets */; };
		84BEBA6729E9FF140025C6F8 /* LaunchScreen.storyboard in Resources */ = {isa = PBXBuildFile; fileRef = 84BEBA6529E9FF140025C6F8 /* LaunchScreen.storyboard */; };
		84BEBA7229E9FF140025C6F8 /* GitHubRepositoryTests.swift in Sources */ = {isa = PBXBuildFile; fileRef = 84BEBA7129E9FF140025C6F8 /* GitHubRepositoryTests.swift */; };
		84BEBA7C29E9FF140025C6F8 /* GitHubRepositoryUITests.swift in Sources */ = {isa = PBXBuildFile; fileRef = 84BEBA7B29E9FF140025C6F8 /* GitHubRepositoryUITests.swift */; };
		84BEBA7E29E9FF140025C6F8 /* GitHubRepositoryUITestsLaunchTests.swift in Sources */ = {isa = PBXBuildFile; fileRef = 84BEBA7D29E9FF140025C6F8 /* GitHubRepositoryUITestsLaunchTests.swift */; };
/* End PBXBuildFile section */

/* Begin PBXContainerItemProxy section */
		84BEBA6E29E9FF140025C6F8 /* PBXContainerItemProxy */ = {
			isa = PBXContainerItemProxy;
			containerPortal = 84BEBA4F29E9FF130025C6F8 /* Project object */;
			proxyType = 1;
			remoteGlobalIDString = 84BEBA5629E9FF130025C6F8;
			remoteInfo = GitHubRepository;
		};
		84BEBA7829E9FF140025C6F8 /* PBXContainerItemProxy */ = {
			isa = PBXContainerItemProxy;
			containerPortal = 84BEBA4F29E9FF130025C6F8 /* Project object */;
			proxyType = 1;
			remoteGlobalIDString = 84BEBA5629E9FF130025C6F8;
			remoteInfo = GitHubRepository;
		};
/* End PBXContainerItemProxy section */

/* Begin PBXFileReference section */
		84BEBA5729E9FF130025C6F8 /* GitHubRepository.app */ = {isa = PBXFileReference; explicitFileType = wrapper.application; includeInIndex = 0; path = GitHubRepository.app; sourceTree = BUILT_PRODUCTS_DIR; };
		84BEBA5A29E9FF130025C6F8 /* AppDelegate.swift */ = {isa = PBXFileReference; lastKnownFileType = sourcecode.swift; path = AppDelegate.swift; sourceTree = "<group>"; };
		84BEBA5C29E9FF130025C6F8 /* SceneDelegate.swift */ = {isa = PBXFileReference; lastKnownFileType = sourcecode.swift; path = SceneDelegate.swift; sourceTree = "<group>"; };
		84BEBA5E29E9FF130025C6F8 /* ViewController.swift */ = {isa = PBXFileReference; lastKnownFileType = sourcecode.swift; path = ViewController.swift; sourceTree = "<group>"; };
		84BEBA6129E9FF130025C6F8 /* Base */ = {isa = PBXFileReference; lastKnownFileType = file.storyboard; name = Base; path = Base.lproj/Main.storyboard; sourceTree = "<group>"; };
		84BEBA6329E9FF140025C6F8 /* Assets.xcassets */ = {isa = PBXFileReference; lastKnownFileType = folder.assetcatalog; path = Assets.xcassets; sourceTree = "<group>"; };
		84BEBA6629E9FF140025C6F8 /* Base */ = {isa = PBXFileReference; lastKnownFileType = file.storyboard; name = Base; path = Base.lproj/LaunchScreen.storyboard; sourceTree = "<group>"; };
		84BEBA6829E9FF140025C6F8 /* Info.plist */ = {isa = PBXFileReference; lastKnownFileType = text.plist.xml; path = Info.plist; sourceTree = "<group>"; };
		84BEBA6D29E9FF140025C6F8 /* GitHubRepositoryTests.xctest */ = {isa = PBXFileReference; explicitFileType = wrapper.cfbundle; includeInIndex = 0; path = GitHubRepositoryTests.xctest; sourceTree = BUILT_PRODUCTS_DIR; };
		84BEBA7129E9FF140025C6F8 /* GitHubRepositoryTests.swift */ = {isa = PBXFileReference; lastKnownFileType = sourcecode.swift; path = GitHubRepositoryTests.swift; sourceTree = "<group>"; };
		84BEBA7729E9FF140025C6F8 /* GitHubRepositoryUITests.xctest */ = {isa = PBXFileReference; explicitFileType = wrapper.cfbundle; includeInIndex = 0; path = GitHubRepositoryUITests.xctest; sourceTree = BUILT_PRODUCTS_DIR; };
		84BEBA7B29E9FF140025C6F8 /* GitHubRepositoryUITests.swift */ = {isa = PBXFileReference; lastKnownFileType = sourcecode.swift; path = GitHubRepositoryUITests.swift; sourceTree = "<group>"; };
		84BEBA7D29E9FF140025C6F8 /* GitHubRepositoryUITestsLaunchTests.swift */ = {isa = PBXFileReference; lastKnownFileType = sourcecode.swift; path = GitHubRepositoryUITestsLaunchTests.swift; sourceTree = "<group>"; };
/* End PBXFileReference section */

/* Begin PBXFrameworksBuildPhase section */
		84BEBA5429E9FF130025C6F8 /* Frameworks */ = {
			isa = PBXFrameworksBuildPhase;
			buildActionMask = 2147483647;
			files = (
			);
			runOnlyForDeploymentPostprocessing = 0;
		};
		84BEBA6A29E9FF140025C6F8 /* Frameworks */ = {
			isa = PBXFrameworksBuildPhase;
			buildActionMask = 2147483647;
			files = (
			);
			runOnlyForDeploymentPostprocessing = 0;
		};
		84BEBA7429E9FF140025C6F8 /* Frameworks */ = {
			isa = PBXFrameworksBuildPhase;
			buildActionMask = 2147483647;
			files = (
			);
			runOnlyForDeploymentPostprocessing = 0;
		};
/* End PBXFrameworksBuildPhase section */

/* Begin PBXGroup section */
		84BEBA4E29E9FF130025C6F8 = {
			isa = PBXGroup;
			children = (
				84BEBA5929E9FF130025C6F8 /* GitHubRepository */,
				84BEBA7029E9FF140025C6F8 /* GitHubRepositoryTests */,
				84BEBA7A29E9FF140025C6F8 /* GitHubRepositoryUITests */,
				84BEBA5829E9FF130025C6F8 /* Products */,
			);
			sourceTree = "<group>";
		};
		84BEBA5829E9FF130025C6F8 /* Products */ = {
			isa = PBXGroup;
			children = (
				84BEBA5729E9FF130025C6F8 /* GitHubRepository.app */,
				84BEBA6D29E9FF140025C6F8 /* GitHubRepositoryTests.xctest */,
				84BEBA7729E9FF140025C6F8 /* GitHubRepositoryUITests.xctest */,
			);
			name = Products;
			sourceTree = "<group>";
		};
		84BEBA5929E9FF130025C6F8 /* GitHubRepository */ = {
			isa = PBXGroup;
			children = (
				84BEBA5A29E9FF130025C6F8 /* AppDelegate.swift */,
				84BEBA5C29E9FF130025C6F8 /* SceneDelegate.swift */,
				84BEBA5E29E9FF130025C6F8 /* ViewController.swift */,
				84BEBA6029E9FF130025C6F8 /* Main.storyboard */,
				84BEBA6329E9FF140025C6F8 /* Assets.xcassets */,
				84BEBA6529E9FF140025C6F8 /* LaunchScreen.storyboard */,
				84BEBA6829E9FF140025C6F8 /* Info.plist */,
			);
			path = GitHubRepository;
			sourceTree = "<group>";
		};
		84BEBA7029E9FF140025C6F8 /* GitHubRepositoryTests */ = {
			isa = PBXGroup;
			children = (
				84BEBA7129E9FF140025C6F8 /* GitHubRepositoryTests.swift */,
			);
			path = GitHubRepositoryTests;
			sourceTree = "<group>";
		};
		84BEBA7A29E9FF140025C6F8 /* GitHubRepositoryUITests */ = {
			isa = PBXGroup;
			children = (
				84BEBA7B29E9FF140025C6F8 /* GitHubRepositoryUITests.swift */,
				84BEBA7D29E9FF140025C6F8 /* GitHubRepositoryUITestsLaunchTests.swift */,
			);
			path = GitHubRepositoryUITests;
			sourceTree = "<group>";
		};
/* End PBXGroup section */

/* Begin PBXNativeTarget section */
		84BEBA5629E9FF130025C6F8 /* GitHubRepository */ = {
			isa = PBXNativeTarget;
			buildConfigurationList = 84BEBA8129E9FF140025C6F8 /* Build configuration list for PBXNativeTarget "GitHubRepository" */;
			buildPhases = (
				84BEBA5329E9FF130025C6F8 /* Sources */,
				84BEBA5429E9FF130025C6F8 /* Frameworks */,
				84BEBA5529E9FF130025C6F8 /* Resources */,
			);
			buildRules = (
			);
			dependencies = (
			);
			name = GitHubRepository;
			productName = GitHubRepository;
			productReference = 84BEBA5729E9FF130025C6F8 /* GitHubRepository.app */;
			productType = "com.apple.product-type.application";
		};
		84BEBA6C29E9FF140025C6F8 /* GitHubRepositoryTests */ = {
			isa = PBXNativeTarget;
			buildConfigurationList = 84BEBA8429E9FF140025C6F8 /* Build configuration list for PBXNativeTarget "GitHubRepositoryTests" */;
			buildPhases = (
				84BEBA6929E9FF140025C6F8 /* Sources */,
				84BEBA6A29E9FF140025C6F8 /* Frameworks */,
				84BEBA6B29E9FF140025C6F8 /* Resources */,
			);
			buildRules = (
			);
			dependencies = (
				84BEBA6F29E9FF140025C6F8 /* PBXTargetDependency */,
			);
			name = GitHubRepositoryTests;
			productName = GitHubRepositoryTests;
			productReference = 84BEBA6D29E9FF140025C6F8 /* GitHubRepositoryTests.xctest */;
			productType = "com.apple.product-type.bundle.unit-test";
		};
		84BEBA7629E9FF140025C6F8 /* GitHubRepositoryUITests */ = {
			isa = PBXNativeTarget;
			buildConfigurationList = 84BEBA8729E9FF140025C6F8 /* Build configuration list for PBXNativeTarget "GitHubRepositoryUITests" */;
			buildPhases = (
				84BEBA7329E9FF140025C6F8 /* Sources */,
				84BEBA7429E9FF140025C6F8 /* Frameworks */,
				84BEBA7529E9FF140025C6F8 /* Resources */,
			);
			buildRules = (
			);
			dependencies = (
				84BEBA7929E9FF140025C6F8 /* PBXTargetDependency */,
			);
			name = GitHubRepositoryUITests;
			productName = GitHubRepositoryUITests;
			productReference = 84BEBA7729E9FF140025C6F8 /* GitHubRepositoryUITests.xctest */;
			productType = "com.apple.product-type.bundle.ui-testing";
		};
/* End PBXNativeTarget section */

/* Begin PBXProject section */
		84BEBA4F29E9FF130025C6F8 /* Project object */ = {
			isa = PBXProject;
			attributes = {
				BuildIndependentTargetsInParallel = 1;
				LastSwiftUpdateCheck = 1420;
				LastUpgradeCheck = 1420;
				TargetAttributes = {
					84BEBA5629E9FF130025C6F8 = {
						CreatedOnToolsVersion = 14.2;
					};
					84BEBA6C29E9FF140025C6F8 = {
						CreatedOnToolsVersion = 14.2;
						TestTargetID = 84BEBA5629E9FF130025C6F8;
					};
					84BEBA7629E9FF140025C6F8 = {
						CreatedOnToolsVersion = 14.2;
						TestTargetID = 84BEBA5629E9FF130025C6F8;
					};
				};
			};
			buildConfigurationList = 84BEBA5229E9FF130025C6F8 /* Build configuration list for PBXProject "GitHubRepository" */;
			compatibilityVersion = "Xcode 14.0";
			developmentRegion = en;
			hasScannedForEncodings = 0;
			knownRegions = (
				en,
				Base,
			);
			mainGroup = 84BEBA4E29E9FF130025C6F8;
			productRefGroup = 84BEBA5829E9FF130025C6F8 /* Products */;
			projectDirPath = "";
			projectRoot = "";
			targets = (
				84BEBA5629E9FF130025C6F8 /* GitHubRepository */,
				84BEBA6C29E9FF140025C6F8 /* GitHubRepositoryTests */,
				84BEBA7629E9FF140025C6F8 /* GitHubRepositoryUITests */,
			);
		};
/* End PBXProject section */

/* Begin PBXResourcesBuildPhase section */
		84BEBA5529E9FF130025C6F8 /* Resources */ = {
			isa = PBXResourcesBuildPhase;
			buildActionMask = 2147483647;
			files = (
				84BEBA6729E9FF140025C6F8 /* LaunchScreen.storyboard in Resources */,
				84BEBA6429E9FF140025C6F8 /* Assets.xcassets in Resources */,
				84BEBA6229E9FF130025C6F8 /* Main.storyboard in Resources */,
			);
			runOnlyForDeploymentPostprocessing = 0;
		};
		84BEBA6B29E9FF140025C6F8 /* Resources */ = {
			isa = PBXResourcesBuildPhase;
			buildActionMask = 2147483647;
			files = (
			);
			runOnlyForDeploymentPostprocessing = 0;
		};
		84BEBA7529E9FF140025C6F8 /* Resources */ = {
			isa = PBXResourcesBuildPhase;
			buildActionMask = 2147483647;
			files = (
			);
			runOnlyForDeploymentPostprocessing = 0;
		};
/* End PBXResourcesBuildPhase section */

/* Begin PBXSourcesBuildPhase section */
		84BEBA5329E9FF130025C6F8 /* Sources */ = {
			isa = PBXSourcesBuildPhase;
			buildActionMask = 2147483647;
			files = (
				84BEBA5F29E9FF130025C6F8 /* ViewController.swift in Sources */,
				84BEBA5B29E9FF130025C6F8 /* AppDelegate.swift in Sources */,
				84BEBA5D29E9FF130025C6F8 /* SceneDelegate.swift in Sources */,
			);
			runOnlyForDeploymentPostprocessing = 0;
		};
		84BEBA6929E9FF140025C6F8 /* Sources */ = {
			isa = PBXSourcesBuildPhase;
			buildActionMask = 2147483647;
			files = (
				84BEBA7229E9FF140025C6F8 /* GitHubRepositoryTests.swift in Sources */,
			);
			runOnlyForDeploymentPostprocessing = 0;
		};
		84BEBA7329E9FF140025C6F8 /* Sources */ = {
			isa = PBXSourcesBuildPhase;
			buildActionMask = 2147483647;
			files = (
				84BEBA7C29E9FF140025C6F8 /* GitHubRepositoryUITests.swift in Sources */,
				84BEBA7E29E9FF140025C6F8 /* GitHubRepositoryUITestsLaunchTests.swift in Sources */,
			);
			runOnlyForDeploymentPostprocessing = 0;
		};
/* End PBXSourcesBuildPhase section */

/* Begin PBXTargetDependency section */
		84BEBA6F29E9FF140025C6F8 /* PBXTargetDependency */ = {
			isa = PBXTargetDependency;
			target = 84BEBA5629E9FF130025C6F8 /* GitHubRepository */;
			targetProxy = 84BEBA6E29E9FF140025C6F8 /* PBXContainerItemProxy */;
		};
		84BEBA7929E9FF140025C6F8 /* PBXTargetDependency */ = {
			isa = PBXTargetDependency;
			target = 84BEBA5629E9FF130025C6F8 /* GitHubRepository */;
			targetProxy = 84BEBA7829E9FF140025C6F8 /* PBXContainerItemProxy */;
		};
/* End PBXTargetDependency section */

/* Begin PBXVariantGroup section */
		84BEBA6029E9FF130025C6F8 /* Main.storyboard */ = {
			isa = PBXVariantGroup;
			children = (
				84BEBA6129E9FF130025C6F8 /* Base */,
			);
			name = Main.storyboard;
			sourceTree = "<group>";
		};
		84BEBA6529E9FF140025C6F8 /* LaunchScreen.storyboard */ = {
			isa = PBXVariantGroup;
			children = (
				84BEBA6629E9FF140025C6F8 /* Base */,
			);
			name = LaunchScreen.storyboard;
			sourceTree = "<group>";
		};
/* End PBXVariantGroup section */

/* Begin XCBuildConfiguration section */
		84BEBA7F29E9FF140025C6F8 /* Debug */ = {
			isa = XCBuildConfiguration;
			buildSettings = {
				ALWAYS_SEARCH_USER_PATHS = NO;
				CLANG_ANALYZER_NONNULL = YES;
				CLANG_ANALYZER_NUMBER_OBJECT_CONVERSION = YES_AGGRESSIVE;
				CLANG_CXX_LANGUAGE_STANDARD = "gnu++20";
				CLANG_ENABLE_MODULES = YES;
				CLANG_ENABLE_OBJC_ARC = YES;
				CLANG_ENABLE_OBJC_WEAK = YES;
				CLANG_WARN_BLOCK_CAPTURE_AUTORELEASING = YES;
				CLANG_WARN_BOOL_CONVERSION = YES;
				CLANG_WARN_COMMA = YES;
				CLANG_WARN_CONSTANT_CONVERSION = YES;
				CLANG_WARN_DEPRECATED_OBJC_IMPLEMENTATIONS = YES;
				CLANG_WARN_DIRECT_OBJC_ISA_USAGE = YES_ERROR;
				CLANG_WARN_DOCUMENTATION_COMMENTS = YES;
				CLANG_WARN_EMPTY_BODY = YES;
				CLANG_WARN_ENUM_CONVERSION = YES;
				CLANG_WARN_INFINITE_RECURSION = YES;
				CLANG_WARN_INT_CONVERSION = YES;
				CLANG_WARN_NON_LITERAL_NULL_CONVERSION = YES;
				CLANG_WARN_OBJC_IMPLICIT_RETAIN_SELF = YES;
				CLANG_WARN_OBJC_LITERAL_CONVERSION = YES;
				CLANG_WARN_OBJC_ROOT_CLASS = YES_ERROR;
				CLANG_WARN_QUOTED_INCLUDE_IN_FRAMEWORK_HEADER = YES;
				CLANG_WARN_RANGE_LOOP_ANALYSIS = YES;
				CLANG_WARN_STRICT_PROTOTYPES = YES;
				CLANG_WARN_SUSPICIOUS_MOVE = YES;
				CLANG_WARN_UNGUARDED_AVAILABILITY = YES_AGGRESSIVE;
				CLANG_WARN_UNREACHABLE_CODE = YES;
				CLANG_WARN__DUPLICATE_METHOD_MATCH = YES;
				COPY_PHASE_STRIP = NO;
				DEBUG_INFORMATION_FORMAT = dwarf;
				ENABLE_STRICT_OBJC_MSGSEND = YES;
				ENABLE_TESTABILITY = YES;
				GCC_C_LANGUAGE_STANDARD = gnu11;
				GCC_DYNAMIC_NO_PIC = NO;
				GCC_NO_COMMON_BLOCKS = YES;
				GCC_OPTIMIZATION_LEVEL = 0;
				GCC_PREPROCESSOR_DEFINITIONS = (
					"DEBUG=1",
					"$(inherited)",
				);
				GCC_WARN_64_TO_32_BIT_CONVERSION = YES;
				GCC_WARN_ABOUT_RETURN_TYPE = YES_ERROR;
				GCC_WARN_UNDECLARED_SELECTOR = YES;
				GCC_WARN_UNINITIALIZED_AUTOS = YES_AGGRESSIVE;
				GCC_WARN_UNUSED_FUNCTION = YES;
				GCC_WARN_UNUSED_VARIABLE = YES;
				IPHONEOS_DEPLOYMENT_TARGET = 16.2;
				MTL_ENABLE_DEBUG_INFO = INCLUDE_SOURCE;
				MTL_FAST_MATH = YES;
				ONLY_ACTIVE_ARCH = YES;
				SDKROOT = iphoneos;
				SWIFT_ACTIVE_COMPILATION_CONDITIONS = DEBUG;
				SWIFT_OPTIMIZATION_LEVEL = "-Onone";
			};
			name = Debug;
		};
		84BEBA8029E9FF140025C6F8 /* Release */ = {
			isa = XCBuildConfiguration;
			buildSettings = {
				ALWAYS_SEARCH_USER_PATHS = NO;
				CLANG_ANALYZER_NONNULL = YES;
				CLANG_ANALYZER_NUMBER_OBJECT_CONVERSION = YES_AGGRESSIVE;
				CLANG_CXX_LANGUAGE_STANDARD = "gnu++20";
				CLANG_ENABLE_MODULES = YES;
				CLANG_ENABLE_OBJC_ARC = YES;
				CLANG_ENABLE_OBJC_WEAK = YES;
				CLANG_WARN_BLOCK_CAPTURE_AUTORELEASING = YES;
				CLANG_WARN_BOOL_CONVERSION = YES;
				CLANG_WARN_COMMA = YES;
				CLANG_WARN_CONSTANT_CONVERSION = YES;
				CLANG_WARN_DEPRECATED_OBJC_IMPLEMENTATIONS = YES;
				CLANG_WARN_DIRECT_OBJC_ISA_USAGE = YES_ERROR;
				CLANG_WARN_DOCUMENTATION_COMMENTS = YES;
				CLANG_WARN_EMPTY_BODY = YES;
				CLANG_WARN_ENUM_CONVERSION = YES;
				CLANG_WARN_INFINITE_RECURSION = YES;
				CLANG_WARN_INT_CONVERSION = YES;
				CLANG_WARN_NON_LITERAL_NULL_CONVERSION = YES;
				CLANG_WARN_OBJC_IMPLICIT_RETAIN_SELF = YES;
				CLANG_WARN_OBJC_LITERAL_CONVERSION = YES;
				CLANG_WARN_OBJC_ROOT_CLASS = YES_ERROR;
				CLANG_WARN_QUOTED_INCLUDE_IN_FRAMEWORK_HEADER = YES;
				CLANG_WARN_RANGE_LOOP_ANALYSIS = YES;
				CLANG_WARN_STRICT_PROTOTYPES = YES;
				CLANG_WARN_SUSPICIOUS_MOVE = YES;
				CLANG_WARN_UNGUARDED_AVAILABILITY = YES_AGGRESSIVE;
				CLANG_WARN_UNREACHABLE_CODE = YES;
				CLANG_WARN__DUPLICATE_METHOD_MATCH = YES;
				COPY_PHASE_STRIP = NO;
				DEBUG_INFORMATION_FORMAT = "dwarf-with-dsym";
				ENABLE_NS_ASSERTIONS = NO;
				ENABLE_STRICT_OBJC_MSGSEND = YES;
				GCC_C_LANGUAGE_STANDARD = gnu11;
				GCC_NO_COMMON_BLOCKS = YES;
				GCC_WARN_64_TO_32_BIT_CONVERSION = YES;
				GCC_WARN_ABOUT_RETURN_TYPE = YES_ERROR;
				GCC_WARN_UNDECLARED_SELECTOR = YES;
				GCC_WARN_UNINITIALIZED_AUTOS = YES_AGGRESSIVE;
				GCC_WARN_UNUSED_FUNCTION = YES;
				GCC_WARN_UNUSED_VARIABLE = YES;
				IPHONEOS_DEPLOYMENT_TARGET = 16.2;
				MTL_ENABLE_DEBUG_INFO = NO;
				MTL_FAST_MATH = YES;
				SDKROOT = iphoneos;
				SWIFT_COMPILATION_MODE = wholemodule;
				SWIFT_OPTIMIZATION_LEVEL = "-O";
				VALIDATE_PRODUCT = YES;
			};
			name = Release;
		};
		84BEBA8229E9FF140025C6F8 /* Debug */ = {
			isa = XCBuildConfiguration;
			buildSettings = {
				ASSETCATALOG_COMPILER_APPICON_NAME = AppIcon;
				ASSETCATALOG_COMPILER_GLOBAL_ACCENT_COLOR_NAME = AccentColor;
				CODE_SIGN_STYLE = Automatic;
				CURRENT_PROJECT_VERSION = 1;
				DEVELOPMENT_TEAM = R2B98N6BH8;
				GENERATE_INFOPLIST_FILE = YES;
				INFOPLIST_FILE = GitHubRepository/Info.plist;
				INFOPLIST_KEY_UIApplicationSupportsIndirectInputEvents = YES;
				INFOPLIST_KEY_UILaunchStoryboardName = LaunchScreen;
				INFOPLIST_KEY_UIMainStoryboardFile = Main;
				INFOPLIST_KEY_UISupportedInterfaceOrientations_iPad = "UIInterfaceOrientationPortrait UIInterfaceOrientationPortraitUpsideDown UIInterfaceOrientationLandscapeLeft UIInterfaceOrientationLandscapeRight";
				INFOPLIST_KEY_UISupportedInterfaceOrientations_iPhone = "UIInterfaceOrientationPortrait UIInterfaceOrientationLandscapeLeft UIInterfaceOrientationLandscapeRight";
				LD_RUNPATH_SEARCH_PATHS = (
					"$(inherited)",
					"@executable_path/Frameworks",
				);
				MARKETING_VERSION = 1.0;
				PRODUCT_BUNDLE_IDENTIFIER = com.oguzhankabul.GitHubRepository;
				PRODUCT_NAME = "$(TARGET_NAME)";
				SWIFT_EMIT_LOC_STRINGS = YES;
				SWIFT_VERSION = 5.0;
				TARGETED_DEVICE_FAMILY = "1,2";
			};
			name = Debug;
		};
		84BEBA8329E9FF140025C6F8 /* Release */ = {
			isa = XCBuildConfiguration;
			buildSettings = {
				ASSETCATALOG_COMPILER_APPICON_NAME = AppIcon;
				ASSETCATALOG_COMPILER_GLOBAL_ACCENT_COLOR_NAME = AccentColor;
				CODE_SIGN_STYLE = Automatic;
				CURRENT_PROJECT_VERSION = 1;
				DEVELOPMENT_TEAM = R2B98N6BH8;
				GENERATE_INFOPLIST_FILE = YES;
				INFOPLIST_FILE = GitHubRepository/Info.plist;
				INFOPLIST_KEY_UIApplicationSupportsIndirectInputEvents = YES;
				INFOPLIST_KEY_UILaunchStoryboardName = LaunchScreen;
				INFOPLIST_KEY_UIMainStoryboardFile = Main;
				INFOPLIST_KEY_UISupportedInterfaceOrientations_iPad = "UIInterfaceOrientationPortrait UIInterfaceOrientationPortraitUpsideDown UIInterfaceOrientationLandscapeLeft UIInterfaceOrientationLandscapeRight";
				INFOPLIST_KEY_UISupportedInterfaceOrientations_iPhone = "UIInterfaceOrientationPortrait UIInterfaceOrientationLandscapeLeft UIInterfaceOrientationLandscapeRight";
				LD_RUNPATH_SEARCH_PATHS = (
					"$(inherited)",
					"@executable_path/Frameworks",
				);
				MARKETING_VERSION = 1.0;
				PRODUCT_BUNDLE_IDENTIFIER = com.oguzhankabul.GitHubRepository;
				PRODUCT_NAME = "$(TARGET_NAME)";
				SWIFT_EMIT_LOC_STRINGS = YES;
				SWIFT_VERSION = 5.0;
				TARGETED_DEVICE_FAMILY = "1,2";
			};
			name = Release;
		};
		84BEBA8529E9FF140025C6F8 /* Debug */ = {
			isa = XCBuildConfiguration;
			buildSettings = {
				ALWAYS_EMBED_SWIFT_STANDARD_LIBRARIES = YES;
				BUNDLE_LOADER = "$(TEST_HOST)";
				CODE_SIGN_STYLE = Automatic;
				CURRENT_PROJECT_VERSION = 1;
				DEVELOPMENT_TEAM = R2B98N6BH8;
				GENERATE_INFOPLIST_FILE = YES;
				IPHONEOS_DEPLOYMENT_TARGET = 16.2;
				MARKETING_VERSION = 1.0;
				PRODUCT_BUNDLE_IDENTIFIER = com.oguzhankabul.GitHubRepositoryTests;
				PRODUCT_NAME = "$(TARGET_NAME)";
				SWIFT_EMIT_LOC_STRINGS = NO;
				SWIFT_VERSION = 5.0;
				TARGETED_DEVICE_FAMILY = "1,2";
				TEST_HOST = "$(BUILT_PRODUCTS_DIR)/GitHubRepository.app/$(BUNDLE_EXECUTABLE_FOLDER_PATH)/GitHubRepository";
			};
			name = Debug;
		};
		84BEBA8629E9FF140025C6F8 /* Release */ = {
			isa = XCBuildConfiguration;
			buildSettings = {
				ALWAYS_EMBED_SWIFT_STANDARD_LIBRARIES = YES;
				BUNDLE_LOADER = "$(TEST_HOST)";
				CODE_SIGN_STYLE = Automatic;
				CURRENT_PROJECT_VERSION = 1;
				DEVELOPMENT_TEAM = R2B98N6BH8;
				GENERATE_INFOPLIST_FILE = YES;
				IPHONEOS_DEPLOYMENT_TARGET = 16.2;
				MARKETING_VERSION = 1.0;
				PRODUCT_BUNDLE_IDENTIFIER = com.oguzhankabul.GitHubRepositoryTests;
				PRODUCT_NAME = "$(TARGET_NAME)";
				SWIFT_EMIT_LOC_STRINGS = NO;
				SWIFT_VERSION = 5.0;
				TARGETED_DEVICE_FAMILY = "1,2";
				TEST_HOST = "$(BUILT_PRODUCTS_DIR)/GitHubRepository.app/$(BUNDLE_EXECUTABLE_FOLDER_PATH)/GitHubRepository";
			};
			name = Release;
		};
		84BEBA8829E9FF140025C6F8 /* Debug */ = {
			isa = XCBuildConfiguration;
			buildSettings = {
				ALWAYS_EMBED_SWIFT_STANDARD_LIBRARIES = YES;
				CODE_SIGN_STYLE = Automatic;
				CURRENT_PROJECT_VERSION = 1;
				DEVELOPMENT_TEAM = R2B98N6BH8;
				GENERATE_INFOPLIST_FILE = YES;
				MARKETING_VERSION = 1.0;
				PRODUCT_BUNDLE_IDENTIFIER = com.oguzhankabul.GitHubRepositoryUITests;
				PRODUCT_NAME = "$(TARGET_NAME)";
				SWIFT_EMIT_LOC_STRINGS = NO;
				SWIFT_VERSION = 5.0;
				TARGETED_DEVICE_FAMILY = "1,2";
				TEST_TARGET_NAME = GitHubRepository;
			};
			name = Debug;
		};
		84BEBA8929E9FF140025C6F8 /* Release */ = {
			isa = XCBuildConfiguration;
			buildSettings = {
				ALWAYS_EMBED_SWIFT_STANDARD_LIBRARIES = YES;
				CODE_SIGN_STYLE = Automatic;
				CURRENT_PROJECT_VERSION = 1;
				DEVELOPMENT_TEAM = R2B98N6BH8;
				GENERATE_INFOPLIST_FILE = YES;
				MARKETING_VERSION = 1.0;
				PRODUCT_BUNDLE_IDENTIFIER = com.oguzhankabul.GitHubRepositoryUITests;
				PRODUCT_NAME = "$(TARGET_NAME)";
				SWIFT_EMIT_LOC_STRINGS = NO;
				SWIFT_VERSION = 5.0;
				TARGETED_DEVICE_FAMILY = "1,2";
				TEST_TARGET_NAME = GitHubRepository;
			};
			name = Release;
		};
/* End XCBuildConfiguration section */

/* Begin XCConfigurationList section */
		84BEBA5229E9FF130025C6F8 /* Build configuration list for PBXProject "GitHubRepository" */ = {
			isa = XCConfigurationList;
			buildConfigurations = (
				84BEBA7F29E9FF140025C6F8 /* Debug */,
				84BEBA8029E9FF140025C6F8 /* Release */,
			);
			defaultConfigurationIsVisible = 0;
			defaultConfigurationName = Release;
		};
		84BEBA8129E9FF140025C6F8 /* Build configuration list for PBXNativeTarget "GitHubRepository" */ = {
			isa = XCConfigurationList;
			buildConfigurations = (
				84BEBA8229E9FF140025C6F8 /* Debug */,
				84BEBA8329E9FF140025C6F8 /* Release */,
			);
			defaultConfigurationIsVisible = 0;
			defaultConfigurationName = Release;
		};
		84BEBA8429E9FF140025C6F8 /* Build configuration list for PBXNativeTarget "GitHubRepositoryTests" */ = {
			isa = XCConfigurationList;
			buildConfigurations = (
				84BEBA8529E9FF140025C6F8 /* Debug */,
				84BEBA8629E9FF140025C6F8 /* Release */,
			);
			defaultConfigurationIsVisible = 0;
			defaultConfigurationName = Release;
		};
		84BEBA8729E9FF140025C6F8 /* Build configuration list for PBXNativeTarget "GitHubRepositoryUITests" */ = {
			isa = XCConfigurationList;
			buildConfigurations = (
				84BEBA8829E9FF140025C6F8 /* Debug */,
				84BEBA8929E9FF140025C6F8 /* Release */,
			);
			defaultConfigurationIsVisible = 0;
			defaultConfigurationName = Release;
		};
/* End XCConfigurationList section */
	};
	rootObject = 84BEBA4F29E9FF130025C6F8 /* Project object */;
}
